
Microsoft Visual Studio Solution File, Format Version 12.00
# Visual Studio Version 17
VisualStudioVersion = 17.9.34701.34
MinimumVisualStudioVersion = 10.0.40219.1
Project("{FAE04EC0-301F-11D3-BF4B-00C04F79EFBC}") = "Observables.Lab", "Observables.Lab.csproj", "{A5D51C21-9A4E-4DF0-A0B7-7C8631CC2F9D}"
EndProject
Global
	GlobalSection(SolutionConfigurationPlatforms) = preSolution
		Debug|Any CPU = Debug|Any CPU
		Release|Any CPU = Release|Any CPU
	EndGlobalSection
	GlobalSection(ProjectConfigurationPlatforms) = postSolution
		{A5D51C21-9A4E-4DF0-A0B7-7C8631CC2F9D}.Debug|Any CPU.ActiveCfg = Debug|Any CPU
		{A5D51C21-9A4E-4DF0-A0B7-7C8631CC2F9D}.Debug|Any CPU.Build.0 = Debug|Any CPU
		{A5D51C21-9A4E-4DF0-A0B7-7C8631CC2F9D}.Release|Any CPU.ActiveCfg = Release|Any CPU
		{A5D51C21-9A4E-4DF0-A0B7-7C8631CC2F9D}.Release|Any CPU.Build.0 = Release|Any CPU
	EndGlobalSection
	GlobalSection(SolutionProperties) = preSolution
		HideSolutionNode = FALSE
	EndGlobalSection
	GlobalSection(ExtensibilityGlobals) = postSolution
		SolutionGuid = {3592FD38-E722-4136-9C2A-016CF0422F7A}
	EndGlobalSection
EndGlobal
